hash: fe989994477e78bb58fd50892030bc6c0d0bbbf95b50012e7e9b10e2b2bd0f8d
updated: 2018-06-07T16:52:24.670498-07:00
imports:
- name: github.com/envoyproxy/data-plane-api
  version: 0f8a2a3d456de4d3a29f4e8f7a641fef011d1394
- name: github.com/fsnotify/fsnotify
  version: 629574ca2a5df945712d3079857300b5e4da0236
- name: github.com/golang/mock
  version: 22bbf0ddf08105dfa364d0a2fa619dfa71014af5
  subpackages:
  - gomock
- name: github.com/golang/protobuf
  version: b4deda0973fb4c70b50d226b1af49f3da59f5265
  subpackages:
  - proto
  - protoc-gen-go/descriptor
  - ptypes
  - ptypes/any
  - ptypes/duration
  - ptypes/timestamp
- name: github.com/google/protobuf
  version: 106ffc04be1abf3ff3399f54ccf149815b287dd9
- name: github.com/gorilla/context
  version: 08b5f424b9271eedf6f9f0ce86cb9396ed337a42
- name: github.com/gorilla/mux
  version: 53c1911da2b537f792e7cafcb446b05ffe33b996
- name: github.com/kavu/go_reuseport
  version: 3d6c1e425f717ee59152524e73b904b67705eeb8
- name: github.com/kelseyhightower/envconfig
  version: ac12b1f15efba734211a556d8b125110dc538016
- name: github.com/lyft/goruntime
  version: 426ae3581aca6d8b997300525e0d075444bd68d1
  subpackages:
  - loader
  - snapshot
  - snapshot/entry
- name: github.com/lyft/gostats
  version: 943f43ede7b2dbf1d7162587689cb484d49ecd15
- name: github.com/lyft/protoc-gen-validate
  version: cae364899cd8c08b83bfdcabf4ce4dd4a68ca6da
  subpackages:
  - validate
- name: github.com/mediocregopher/radix.v2
  version: 94360be262532d465b7e4760c7a67195d3319a87
  subpackages:
  - pool
  - redis
- name: github.com/sirupsen/logrus
  version: c155da19408a8799da419ed3eeb0cb5db0ad5dbc
- name: github.com/stretchr/testify
  version: f390dcf405f7b83c997eac1b06768bb9f44dec18
  subpackages:
  - assert
- name: golang.org/x/crypto
  version: 91a49db82a88618983a78a06c1cbd4e00ab749ab
  subpackages:
  - ssh/terminal
- name: golang.org/x/net
  version: 1e491301e022f8f977054da4c2d852decd59571f
  subpackages:
  - context
  - http/httpguts
  - http2
  - http2/hpack
  - idna
  - internal/timeseries
  - trace
- name: golang.org/x/sys
  version: f6cff0780e542efa0c8e864dc8fa522808f6a598
  subpackages:
  - unix
  - windows
- name: golang.org/x/text
  version: 27420a1a391f5504f73155051cd274311bf70883
  subpackages:
  - secure/bidirule
  - transform
  - unicode/bidi
  - unicode/norm
- name: google.golang.org/genproto
  version: 2d9486acae19cf9bd0c093d7dc236a323726a9e4
  subpackages:
  - googleapis/rpc/status
- name: google.golang.org/grpc
  version: 41344da2231b913fa3d983840a57a6b1b7b631a1
  subpackages:
  - balancer
  - balancer/base
  - balancer/roundrobin
  - channelz
  - codes
  - connectivity
  - credentials
  - encoding
  - encoding/proto
  - grpclb/grpc_lb_v1/messages
  - grpclog
  - internal
  - keepalive
  - metadata
  - naming
  - peer
  - resolver
  - resolver/dns
  - resolver/passthrough
  - stats
  - status
  - tap
  - transport
- name: gopkg.in/yaml.v2
  version: 5420a8b6744d3b0345ab293f6fcba19c978f1183
testImports:
- name: github.com/davecgh/go-spew
  version: 2df174808ee097f90d259e432cc04442cf60be21
  subpackages:
  - spew
- name: github.com/pmezard/go-difflib
  version: d8ed2627bdf02c080bf22230dbb337003b7aba2d
  subpackages:
  - difflib
