hash: 58cb9171efbe06e78e00310aa608d17f63fe1a553aa36d62248e002ac0fda4e7
updated: 2018-08-25T22:21:12.74101537-04:00
imports:
- name: github.com/envoyproxy/go-control-plane
  version: 676016db8193d83324a507a986a78cd3642ad713
  subpackages:
  - envoy/api/v2
  - envoy/api/v2/auth
  - envoy/api/v2/cluster
  - envoy/api/v2/core
  - envoy/api/v2/endpoint
  - envoy/api/v2/listener
  - envoy/api/v2/route
  - envoy/config/filter/accesslog/v2
  - envoy/config/filter/network/http_connection_manager/v2
  - envoy/service/discovery/v2
  - envoy/type
  - pkg/cache
  - pkg/log
  - pkg/server
  - pkg/util
- name: github.com/fsnotify/fsnotify
  version: c2828203cd70a50dcccfb2761f8b1f8ceef9a8e9
- name: github.com/gogo/googleapis
  version: 8558fb44d2f1fc223118afc694129d2c2d2924d1
  subpackages:
  - google/api
  - google/rpc
- name: github.com/gogo/protobuf
  version: 636bf0302bc95575d69441b25a2603156ffdddf1
  subpackages:
  - gogoproto
  - jsonpb
  - proto
  - protoc-gen-gogo/descriptor
  - sortkeys
  - types
- name: github.com/golang/protobuf
  version: aa810b61a9c79d51363740d207bb46cf8e620ed5
  subpackages:
  - proto
  - protoc-gen-go/descriptor
  - ptypes
  - ptypes/any
  - ptypes/duration
  - ptypes/timestamp
- name: github.com/lyft/protoc-gen-validate
  version: f9d2b11e44149635b23a002693b76512b01ae515
  subpackages:
  - validate
- name: github.com/sirupsen/logrus
  version: 3e01752db0189b9157070a0e1668a620f9a85da2
- name: golang.org/x/crypto
  version: 614d502a4dac94afa3a6ce146bd1736da82514c6
  subpackages:
  - ssh/terminal
- name: golang.org/x/net
  version: 8a410e7b638dca158bf9e766925842f6651ff828
  subpackages:
  - context
  - http/httpguts
  - http2
  - http2/hpack
  - idna
  - internal/timeseries
  - trace
- name: golang.org/x/sys
  version: acbc56fc7007d2a01796d5bde54f39e3b3e95945
  subpackages:
  - unix
  - windows
- name: golang.org/x/text
  version: 6e3c4e7365ddcc329f090f96e4348398f6310088
  subpackages:
  - secure/bidirule
  - transform
  - unicode/bidi
  - unicode/norm
- name: google.golang.org/genproto
  version: c66870c02cf823ceb633bcd05be3c7cda29976f4
  subpackages:
  - googleapis/rpc/status
- name: google.golang.org/grpc
  version: 32fb0ac620c32ba40a4626ddf94d90d12cce3455
  subpackages:
  - balancer
  - balancer/base
  - balancer/roundrobin
  - codes
  - connectivity
  - credentials
  - encoding
  - encoding/proto
  - grpclog
  - internal
  - internal/backoff
  - internal/channelz
  - internal/envconfig
  - internal/grpcrand
  - internal/transport
  - keepalive
  - metadata
  - naming
  - peer
  - resolver
  - resolver/dns
  - resolver/passthrough
  - stats
  - status
  - tap
testImports: []
